{
  "name": "test",
  "lockfileVersion": 3,
  "requires": true,
  "packages": {
    "": {
      "dependencies": {
        "@agoston-io/client": "file:.."
      }
    },
    "..": {
      "version": "1.0.3",
      "license": "MIT",
      "dependencies": {
        "@apollo/client": "^3.7.17",
        "@vue/apollo-option": "^4.0.0-beta.5",
        "graphql-ws": "^5.14.0"
      }
    },
    "../agoston-io-js-client": {
      "name": "@agoston-io/client",
      "version": "1.0.3",
      "extraneous": true,
      "license": "MIT",
      "dependencies": {
        "@apollo/client": "^3.7.17",
        "@vue/apollo-option": "^4.0.0-beta.5",
        "graphql-ws": "^5.14.0"
      }
    },
    "node_modules/@agoston-io/client": {
      "resolved": "..",
      "link": true
    }
  }
}
